// !$*UTF8*$!
{
	archiveVersion = 1;
	classes = {
	};
	objectVersion = 50;
	objects = {

/* Begin PBXBuildFile section */
		8B0ECD74240FDE4000CD0C3C /* WorkStation1.swift in Sources */ = {isa = PBXBuildFile; fileRef = 8BDF80BC240FD1DB0065825D /* WorkStation1.swift */; };
		8B0ECD75240FDE4000CD0C3C /* WorkStation2.swift in Sources */ = {isa = PBXBuildFile; fileRef = 8BDF80BE240FD1E60065825D /* WorkStation2.swift */; };
		8B0ECD78240FE30900CD0C3C /* MyPipelineData.swift in Sources */ = {isa = PBXBuildFile; fileRef = 8B0ECD77240FE30900CD0C3C /* MyPipelineData.swift */; };
		8BDF80A2240FC2C20065825D /* easypipeline.framework in Frameworks */ = {isa = PBXBuildFile; fileRef = 8BDF8098240FC2C20065825D /* easypipeline.framework */; };
		8BDF80A7240FC2C20065825D /* easypipelineTests.swift in Sources */ = {isa = PBXBuildFile; fileRef = 8BDF80A6240FC2C20065825D /* easypipelineTests.swift */; };
		8BDF80A9240FC2C20065825D /* easypipeline.h in Headers */ = {isa = PBXBuildFile; fileRef = 8BDF809B240FC2C20065825D /* easypipeline.h */; settings = {ATTRIBUTES = (Public, ); }; };
		8BDF80B7240FC3BB0065825D /* PipelineDataProtocol.swift in Sources */ = {isa = PBXBuildFile; fileRef = 8BDF80B2240FC3BA0065825D /* PipelineDataProtocol.swift */; };
		8BDF80B8240FC3BB0065825D /* WorkStation.swift in Sources */ = {isa = PBXBuildFile; fileRef = 8BDF80B3240FC3BA0065825D /* WorkStation.swift */; };
		8BDF80B9240FC3BB0065825D /* Pipeline.swift in Sources */ = {isa = PBXBuildFile; fileRef = 8BDF80B4240FC3BA0065825D /* Pipeline.swift */; };
		8BDF80BA240FC3BB0065825D /* PipelineData.swift in Sources */ = {isa = PBXBuildFile; fileRef = 8BDF80B5240FC3BB0065825D /* PipelineData.swift */; };
		8BDF80BB240FC3BB0065825D /* PipelineResultProtocol.swift in Sources */ = {isa = PBXBuildFile; fileRef = 8BDF80B6240FC3BB0065825D /* PipelineResultProtocol.swift */; };
/* End PBXBuildFile section */

/* Begin PBXContainerItemProxy section */
		8BDF80A3240FC2C20065825D /* PBXContainerItemProxy */ = {
			isa = PBXContainerItemProxy;
			containerPortal = 8BDF808F240FC2C20065825D /* Project object */;
			proxyType = 1;
			remoteGlobalIDString = 8BDF8097240FC2C20065825D;
			remoteInfo = easypipeline;
		};
/* End PBXContainerItemProxy section */

/* Begin PBXFileReference section */
		8B0ECD77240FE30900CD0C3C /* MyPipelineData.swift */ = {isa = PBXFileReference; lastKnownFileType = sourcecode.swift; path = MyPipelineData.swift; sourceTree = "<group>"; };
		8BDF8098240FC2C20065825D /* easypipeline.framework */ = {isa = PBXFileReference; explicitFileType = wrapper.framework; includeInIndex = 0; path = easypipeline.framework; sourceTree = BUILT_PRODUCTS_DIR; };
		8BDF809B240FC2C20065825D /* easypipeline.h */ = {isa = PBXFileReference; lastKnownFileType = sourcecode.c.h; path = easypipeline.h; sourceTree = "<group>"; };
		8BDF809C240FC2C20065825D /* Info.plist */ = {isa = PBXFileReference; lastKnownFileType = text.plist.xml; path = Info.plist; sourceTree = "<group>"; };
		8BDF80A1240FC2C20065825D /* easypipelineTests.xctest */ = {isa = PBXFileReference; explicitFileType = wrapper.cfbundle; includeInIndex = 0; path = easypipelineTests.xctest; sourceTree = BUILT_PRODUCTS_DIR; };
		8BDF80A6240FC2C20065825D /* easypipelineTests.swift */ = {isa = PBXFileReference; lastKnownFileType = sourcecode.swift; path = easypipelineTests.swift; sourceTree = "<group>"; };
		8BDF80A8240FC2C20065825D /* Info.plist */ = {isa = PBXFileReference; lastKnownFileType = text.plist.xml; path = Info.plist; sourceTree = "<group>"; };
		8BDF80B2240FC3BA0065825D /* PipelineDataProtocol.swift */ = {isa = PBXFileReference; fileEncoding = 4; lastKnownFileType = sourcecode.swift; path = PipelineDataProtocol.swift; sourceTree = "<group>"; };
		8BDF80B3240FC3BA0065825D /* WorkStation.swift */ = {isa = PBXFileReference; fileEncoding = 4; lastKnownFileType = sourcecode.swift; path = WorkStation.swift; sourceTree = "<group>"; };
		8BDF80B4240FC3BA0065825D /* Pipeline.swift */ = {isa = PBXFileReference; fileEncoding = 4; lastKnownFileType = sourcecode.swift; path = Pipeline.swift; sourceTree = "<group>"; };
		8BDF80B5240FC3BB0065825D /* PipelineData.swift */ = {isa = PBXFileReference; fileEncoding = 4; lastKnownFileType = sourcecode.swift; path = PipelineData.swift; sourceTree = "<group>"; };
		8BDF80B6240FC3BB0065825D /* PipelineResultProtocol.swift */ = {isa = PBXFileReference; fileEncoding = 4; lastKnownFileType = sourcecode.swift; path = PipelineResultProtocol.swift; sourceTree = "<group>"; };
		8BDF80BC240FD1DB0065825D /* WorkStation1.swift */ = {isa = PBXFileReference; lastKnownFileType = sourcecode.swift; path = WorkStation1.swift; sourceTree = "<group>"; };
		8BDF80BE240FD1E60065825D /* WorkStation2.swift */ = {isa = PBXFileReference; lastKnownFileType = sourcecode.swift; path = WorkStation2.swift; sourceTree = "<group>"; };
/* End PBXFileReference section */

/* Begin PBXFrameworksBuildPhase section */
		8BDF8095240FC2C20065825D /* Frameworks */ = {
			isa = PBXFrameworksBuildPhase;
			buildActionMask = 2147483647;
			files = (
			);
			runOnlyForDeploymentPostprocessing = 0;
		};
		8BDF809E240FC2C20065825D /* Frameworks */ = {
			isa = PBXFrameworksBuildPhase;
			buildActionMask = 2147483647;
			files = (
				8BDF80A2240FC2C20065825D /* easypipeline.framework in Frameworks */,
			);
			runOnlyForDeploymentPostprocessing = 0;
		};
/* End PBXFrameworksBuildPhase section */

/* Begin PBXGroup section */
		8B0ECD73240FDD8600CD0C3C /* Test */ = {
			isa = PBXGroup;
			children = (
				8BDF80BC240FD1DB0065825D /* WorkStation1.swift */,
				8BDF80BE240FD1E60065825D /* WorkStation2.swift */,
				8B0ECD77240FE30900CD0C3C /* MyPipelineData.swift */,
			);
			path = Test;
			sourceTree = "<group>";
		};
		8BDF808E240FC2C20065825D = {
			isa = PBXGroup;
			children = (
				8BDF809A240FC2C20065825D /* easypipeline */,
				8BDF80A5240FC2C20065825D /* easypipelineTests */,
				8BDF8099240FC2C20065825D /* Products */,
			);
			sourceTree = "<group>";
		};
		8BDF8099240FC2C20065825D /* Products */ = {
			isa = PBXGroup;
			children = (
				8BDF8098240FC2C20065825D /* easypipeline.framework */,
				8BDF80A1240FC2C20065825D /* easypipelineTests.xctest */,
			);
			name = Products;
			sourceTree = "<group>";
		};
		8BDF809A240FC2C20065825D /* easypipeline */ = {
			isa = PBXGroup;
			children = (
				8BDF80B4240FC3BA0065825D /* Pipeline.swift */,
				8BDF80B3240FC3BA0065825D /* WorkStation.swift */,
				8BDF80B2240FC3BA0065825D /* PipelineDataProtocol.swift */,
				8BDF80B5240FC3BB0065825D /* PipelineData.swift */,
				8BDF80B6240FC3BB0065825D /* PipelineResultProtocol.swift */,
				8BDF809B240FC2C20065825D /* easypipeline.h */,
				8BDF809C240FC2C20065825D /* Info.plist */,
				8B0ECD73240FDD8600CD0C3C /* Test */,
			);
			path = easypipeline;
			sourceTree = "<group>";
		};
		8BDF80A5240FC2C20065825D /* easypipelineTests */ = {
			isa = PBXGroup;
			children = (
				8BDF80A6240FC2C20065825D /* easypipelineTests.swift */,
				8BDF80A8240FC2C20065825D /* Info.plist */,
			);
			path = easypipelineTests;
			sourceTree = "<group>";
		};
/* End PBXGroup section */

/* Begin PBXHeadersBuildPhase section */
		8BDF8093240FC2C20065825D /* Headers */ = {
			isa = PBXHeadersBuildPhase;
			buildActionMask = 2147483647;
			files = (
				8BDF80A9240FC2C20065825D /* easypipeline.h in Headers */,
			);
			runOnlyForDeploymentPostprocessing = 0;
		};
/* End PBXHeadersBuildPhase section */

/* Begin PBXNativeTarget section */
		8BDF8097240FC2C20065825D /* easypipeline */ = {
			isa = PBXNativeTarget;
			buildConfigurationList = 8BDF80AC240FC2C20065825D /* Build configuration list for PBXNativeTarget "easypipeline" */;
			buildPhases = (
				8BDF8093240FC2C20065825D /* Headers */,
				8BDF8094240FC2C20065825D /* Sources */,
				8BDF8095240FC2C20065825D /* Frameworks */,
				8BDF8096240FC2C20065825D /* Resources */,
			);
			buildRules = (
			);
			dependencies = (
			);
			name = easypipeline;
			productName = easypipeline;
			productReference = 8BDF8098240FC2C20065825D /* easypipeline.framework */;
			productType = "com.apple.product-type.framework";
		};
		8BDF80A0240FC2C20065825D /* easypipelineTests */ = {
			isa = PBXNativeTarget;
			buildConfigurationList = 8BDF80AF240FC2C20065825D /* Build configuration list for PBXNativeTarget "easypipelineTests" */;
			buildPhases = (
				8BDF809D240FC2C20065825D /* Sources */,
				8BDF809E240FC2C20065825D /* Frameworks */,
				8BDF809F240FC2C20065825D /* Resources */,
			);
			buildRules = (
			);
			dependencies = (
				8BDF80A4240FC2C20065825D /* PBXTargetDependency */,
			);
			name = easypipelineTests;
			productName = easypipelineTests;
			productReference = 8BDF80A1240FC2C20065825D /* easypipelineTests.xctest */;
			productType = "com.apple.product-type.bundle.unit-test";
		};
/* End PBXNativeTarget section */

/* Begin PBXProject section */
		8BDF808F240FC2C20065825D /* Project object */ = {
			isa = PBXProject;
			attributes = {
				LastSwiftUpdateCheck = 1010;
				LastUpgradeCheck = 1010;
				ORGANIZATIONNAME = Ahmet;
				TargetAttributes = {
					8BDF8097240FC2C20065825D = {
						CreatedOnToolsVersion = 10.1;
						LastSwiftMigration = 1010;
					};
					8BDF80A0240FC2C20065825D = {
						CreatedOnToolsVersion = 10.1;
					};
				};
			};
			buildConfigurationList = 8BDF8092240FC2C20065825D /* Build configuration list for PBXProject "easypipeline" */;
			compatibilityVersion = "Xcode 9.3";
			developmentRegion = en;
			hasScannedForEncodings = 0;
			knownRegions = (
				en,
			);
			mainGroup = 8BDF808E240FC2C20065825D;
			productRefGroup = 8BDF8099240FC2C20065825D /* Products */;
			projectDirPath = "";
			projectRoot = "";
			targets = (
				8BDF8097240FC2C20065825D /* easypipeline */,
				8BDF80A0240FC2C20065825D /* easypipelineTests */,
			);
		};
/* End PBXProject section */

/* Begin PBXResourcesBuildPhase section */
		8BDF8096240FC2C20065825D /* Resources */ = {
			isa = PBXResourcesBuildPhase;
			buildActionMask = 2147483647;
			files = (
			);
			runOnlyForDeploymentPostprocessing = 0;
		};
		8BDF809F240FC2C20065825D /* Resources */ = {
			isa = PBXResourcesBuildPhase;
			buildActionMask = 2147483647;
			files = (
			);
			runOnlyForDeploymentPostprocessing = 0;
		};
/* End PBXResourcesBuildPhase section */

/* Begin PBXSourcesBuildPhase section */
		8BDF8094240FC2C20065825D /* Sources */ = {
			isa = PBXSourcesBuildPhase;
			buildActionMask = 2147483647;
			files = (
				8BDF80B9240FC3BB0065825D /* Pipeline.swift in Sources */,
				8B0ECD75240FDE4000CD0C3C /* WorkStation2.swift in Sources */,
				8BDF80BA240FC3BB0065825D /* PipelineData.swift in Sources */,
				8BDF80B7240FC3BB0065825D /* PipelineDataProtocol.swift in Sources */,
				8B0ECD74240FDE4000CD0C3C /* WorkStation1.swift in Sources */,
				8BDF80B8240FC3BB0065825D /* WorkStation.swift in Sources */,
				8BDF80BB240FC3BB0065825D /* PipelineResultProtocol.swift in Sources */,
				8B0ECD78240FE30900CD0C3C /* MyPipelineData.swift in Sources */,
			);
			runOnlyForDeploymentPostprocessing = 0;
		};
		8BDF809D240FC2C20065825D /* Sources */ = {
			isa = PBXSourcesBuildPhase;
			buildActionMask = 2147483647;
			files = (
				8BDF80A7240FC2C20065825D /* easypipelineTests.swift in Sources */,
			);
			runOnlyForDeploymentPostprocessing = 0;
		};
/* End PBXSourcesBuildPhase section */

/* Begin PBXTargetDependency section */
		8BDF80A4240FC2C20065825D /* PBXTargetDependency */ = {
			isa = PBXTargetDependency;
			target = 8BDF8097240FC2C20065825D /* easypipeline */;
			targetProxy = 8BDF80A3240FC2C20065825D /* PBXContainerItemProxy */;
		};
/* End PBXTargetDependency section */

/* Begin XCBuildConfiguration section */
		8BDF80AA240FC2C20065825D /* Debug */ = {
			isa = XCBuildConfiguration;
			buildSettings = {
				ALWAYS_SEARCH_USER_PATHS = NO;
				CLANG_ANALYZER_NONNULL = YES;
				CLANG_ANALYZER_NUMBER_OBJECT_CONVERSION = YES_AGGRESSIVE;
				CLANG_CXX_LANGUAGE_STANDARD = "gnu++14";
				CLANG_CXX_LIBRARY = "libc++";
				CLANG_ENABLE_MODULES = YES;
				CLANG_ENABLE_OBJC_ARC = YES;
				CLANG_ENABLE_OBJC_WEAK = YES;
				CLANG_WARN_BLOCK_CAPTURE_AUTORELEASING = YES;
				CLANG_WARN_BOOL_CONVERSION = YES;
				CLANG_WARN_COMMA = YES;
				CLANG_WARN_CONSTANT_CONVERSION = YES;
				CLANG_WARN_DEPRECATED_OBJC_IMPLEMENTATIONS = YES;
				CLANG_WARN_DIRECT_OBJC_ISA_USAGE = YES_ERROR;
				CLANG_WARN_DOCUMENTATION_COMMENTS = YES;
				CLANG_WARN_EMPTY_BODY = YES;
				CLANG_WARN_ENUM_CONVERSION = YES;
				CLANG_WARN_INFINITE_RECURSION = YES;
				CLANG_WARN_INT_CONVERSION = YES;
				CLANG_WARN_NON_LITERAL_NULL_CONVERSION = YES;
				CLANG_WARN_OBJC_IMPLICIT_RETAIN_SELF = YES;
				CLANG_WARN_OBJC_LITERAL_CONVERSION = YES;
				CLANG_WARN_OBJC_ROOT_CLASS = YES_ERROR;
				CLANG_WARN_RANGE_LOOP_ANALYSIS = YES;
				CLANG_WARN_STRICT_PROTOTYPES = YES;
				CLANG_WARN_SUSPICIOUS_MOVE = YES;
				CLANG_WARN_UNGUARDED_AVAILABILITY = YES_AGGRESSIVE;
				CLANG_WARN_UNREACHABLE_CODE = YES;
				CLANG_WARN__DUPLICATE_METHOD_MATCH = YES;
				CODE_SIGN_IDENTITY = "iPhone Developer";
				COPY_PHASE_STRIP = NO;
				CURRENT_PROJECT_VERSION = 1;
				DEBUG_INFORMATION_FORMAT = dwarf;
				ENABLE_STRICT_OBJC_MSGSEND = YES;
				ENABLE_TESTABILITY = YES;
				GCC_C_LANGUAGE_STANDARD = gnu11;
				GCC_DYNAMIC_NO_PIC = NO;
				GCC_NO_COMMON_BLOCKS = YES;
				GCC_OPTIMIZATION_LEVEL = 0;
				GCC_PREPROCESSOR_DEFINITIONS = (
					"DEBUG=1",
					"$(inherited)",
				);
				GCC_WARN_64_TO_32_BIT_CONVERSION = YES;
				GCC_WARN_ABOUT_RETURN_TYPE = YES_ERROR;
				GCC_WARN_UNDECLARED_SELECTOR = YES;
				GCC_WARN_UNINITIALIZED_AUTOS = YES_AGGRESSIVE;
				GCC_WARN_UNUSED_FUNCTION = YES;
				GCC_WARN_UNUSED_VARIABLE = YES;
				IPHONEOS_DEPLOYMENT_TARGET = 12.1;
				MTL_ENABLE_DEBUG_INFO = INCLUDE_SOURCE;
				MTL_FAST_MATH = YES;
				ONLY_ACTIVE_ARCH = YES;
				SDKROOT = iphoneos;
				SWIFT_ACTIVE_COMPILATION_CONDITIONS = DEBUG;
				SWIFT_OPTIMIZATION_LEVEL = "-Onone";
				VERSIONING_SYSTEM = "apple-generic";
				VERSION_INFO_PREFIX = "";
			};
			name = Debug;
		};
		8BDF80AB240FC2C20065825D /* Release */ = {
			isa = XCBuildConfiguration;
			buildSettings = {
				ALWAYS_SEARCH_USER_PATHS = NO;
				CLANG_ANALYZER_NONNULL = YES;
				CLANG_ANALYZER_NUMBER_OBJECT_CONVERSION = YES_AGGRESSIVE;
				CLANG_CXX_LANGUAGE_STANDARD = "gnu++14";
				CLANG_CXX_LIBRARY = "libc++";
				CLANG_ENABLE_MODULES = YES;
				CLANG_ENABLE_OBJC_ARC = YES;
				CLANG_ENABLE_OBJC_WEAK = YES;
				CLANG_WARN_BLOCK_CAPTURE_AUTORELEASING = YES;
				CLANG_WARN_BOOL_CONVERSION = YES;
				CLANG_WARN_COMMA = YES;
				CLANG_WARN_CONSTANT_CONVERSION = YES;
				CLANG_WARN_DEPRECATED_OBJC_IMPLEMENTATIONS = YES;
				CLANG_WARN_DIRECT_OBJC_ISA_USAGE = YES_ERROR;
				CLANG_WARN_DOCUMENTATION_COMMENTS = YES;
				CLANG_WARN_EMPTY_BODY = YES;
				CLANG_WARN_ENUM_CONVERSION = YES;
				CLANG_WARN_INFINITE_RECURSION = YES;
				CLANG_WARN_INT_CONVERSION = YES;
				CLANG_WARN_NON_LITERAL_NULL_CONVERSION = YES;
				CLANG_WARN_OBJC_IMPLICIT_RETAIN_SELF = YES;
				CLANG_WARN_OBJC_LITERAL_CONVERSION = YES;
				CLANG_WARN_OBJC_ROOT_CLASS = YES_ERROR;
				CLANG_WARN_RANGE_LOOP_ANALYSIS = YES;
				CLANG_WARN_STRICT_PROTOTYPES = YES;
				CLANG_WARN_SUSPICIOUS_MOVE = YES;
				CLANG_WARN_UNGUARDED_AVAILABILITY = YES_AGGRESSIVE;
				CLANG_WARN_UNREACHABLE_CODE = YES;
				CLANG_WARN__DUPLICATE_METHOD_MATCH = YES;
				CODE_SIGN_IDENTITY = "iPhone Developer";
				COPY_PHASE_STRIP = NO;
				CURRENT_PROJECT_VERSION = 1;
				DEBUG_INFORMATION_FORMAT = "dwarf-with-dsym";
				ENABLE_NS_ASSERTIONS = NO;
				ENABLE_STRICT_OBJC_MSGSEND = YES;
				GCC_C_LANGUAGE_STANDARD = gnu11;
				GCC_NO_COMMON_BLOCKS = YES;
				GCC_WARN_64_TO_32_BIT_CONVERSION = YES;
				GCC_WARN_ABOUT_RETURN_TYPE = YES_ERROR;
				GCC_WARN_UNDECLARED_SELECTOR = YES;
				GCC_WARN_UNINITIALIZED_AUTOS = YES_AGGRESSIVE;
				GCC_WARN_UNUSED_FUNCTION = YES;
				GCC_WARN_UNUSED_VARIABLE = YES;
				IPHONEOS_DEPLOYMENT_TARGET = 12.1;
				MTL_ENABLE_DEBUG_INFO = NO;
				MTL_FAST_MATH = YES;
				SDKROOT = iphoneos;
				SWIFT_COMPILATION_MODE = wholemodule;
				SWIFT_OPTIMIZATION_LEVEL = "-O";
				VALIDATE_PRODUCT = YES;
				VERSIONING_SYSTEM = "apple-generic";
				VERSION_INFO_PREFIX = "";
			};
			name = Release;
		};
		8BDF80AD240FC2C20065825D /* Debug */ = {
			isa = XCBuildConfiguration;
			buildSettings = {
				CLANG_ENABLE_MODULES = YES;
				CODE_SIGN_IDENTITY = "";
				CODE_SIGN_STYLE = Automatic;
				DEFINES_MODULE = YES;
				DEVELOPMENT_TEAM = 3K7U4GDRH2;
				DYLIB_COMPATIBILITY_VERSION = 1;
				DYLIB_CURRENT_VERSION = 1;
				DYLIB_INSTALL_NAME_BASE = "@rpath";
				INFOPLIST_FILE = easypipeline/Info.plist;
				INSTALL_PATH = "$(LOCAL_LIBRARY_DIR)/Frameworks";
				IPHONEOS_DEPLOYMENT_TARGET = 8.0;
				LD_RUNPATH_SEARCH_PATHS = (
					"$(inherited)",
					"@executable_path/Frameworks",
					"@loader_path/Frameworks",
				);
				PRODUCT_BUNDLE_IDENTIFIER = com.appelinda.easypipeline;
				PRODUCT_NAME = "$(TARGET_NAME:c99extidentifier)";
				SKIP_INSTALL = YES;
				SWIFT_OPTIMIZATION_LEVEL = "-Onone";
				SWIFT_VERSION = 4.2;
				TARGETED_DEVICE_FAMILY = "1,2";
			};
			name = Debug;
		};
		8BDF80AE240FC2C20065825D /* Release */ = {
			isa = XCBuildConfiguration;
			buildSettings = {
				CLANG_ENABLE_MODULES = YES;
				CODE_SIGN_IDENTITY = "";
				CODE_SIGN_STYLE = Automatic;
				DEFINES_MODULE = YES;
				DEVELOPMENT_TEAM = 3K7U4GDRH2;
				DYLIB_COMPATIBILITY_VERSION = 1;
				DYLIB_CURRENT_VERSION = 1;
				DYLIB_INSTALL_NAME_BASE = "@rpath";
				INFOPLIST_FILE = easypipeline/Info.plist;
				INSTALL_PATH = "$(LOCAL_LIBRARY_DIR)/Frameworks";
				IPHONEOS_DEPLOYMENT_TARGET = 8.0;
				LD_RUNPATH_SEARCH_PATHS = (
					"$(inherited)",
					"@executable_path/Frameworks",
					"@loader_path/Frameworks",
				);
				PRODUCT_BUNDLE_IDENTIFIER = com.appelinda.easypipeline;
				PRODUCT_NAME = "$(TARGET_NAME:c99extidentifier)";
				SKIP_INSTALL = YES;
				SWIFT_VERSION = 4.2;
				TARGETED_DEVICE_FAMILY = "1,2";
			};
			name = Release;
		};
		8BDF80B0240FC2C20065825D /* Debug */ = {
			isa = XCBuildConfiguration;
			buildSettings = {
				ALWAYS_EMBED_SWIFT_STANDARD_LIBRARIES = YES;
				CODE_SIGN_STYLE = Automatic;
				DEVELOPMENT_TEAM = 3K7U4GDRH2;
				INFOPLIST_FILE = easypipelineTests/Info.plist;
				LD_RUNPATH_SEARCH_PATHS = (
					"$(inherited)",
					"@executable_path/Frameworks",
					"@loader_path/Frameworks",
				);
				PRODUCT_BUNDLE_IDENTIFIER = com.appelinda.easypipelineTests;
				PRODUCT_NAME = "$(TARGET_NAME)";
				SWIFT_VERSION = 4.2;
				TARGETED_DEVICE_FAMILY = "1,2";
			};
			name = Debug;
		};
		8BDF80B1240FC2C20065825D /* Release */ = {
			isa = XCBuildConfiguration;
			buildSettings = {
				ALWAYS_EMBED_SWIFT_STANDARD_LIBRARIES = YES;
				CODE_SIGN_STYLE = Automatic;
				DEVELOPMENT_TEAM = 3K7U4GDRH2;
				INFOPLIST_FILE = easypipelineTests/Info.plist;
				LD_RUNPATH_SEARCH_PATHS = (
					"$(inherited)",
					"@executable_path/Frameworks",
					"@loader_path/Frameworks",
				);
				PRODUCT_BUNDLE_IDENTIFIER = com.appelinda.easypipelineTests;
				PRODUCT_NAME = "$(TARGET_NAME)";
				SWIFT_VERSION = 4.2;
				TARGETED_DEVICE_FAMILY = "1,2";
			};
			name = Release;
		};
/* End XCBuildConfiguration section */

/* Begin XCConfigurationList section */
		8BDF8092240FC2C20065825D /* Build configuration list for PBXProject "easypipeline" */ = {
			isa = XCConfigurationList;
			buildConfigurations = (
				8BDF80AA240FC2C20065825D /* Debug */,
				8BDF80AB240FC2C20065825D /* Release */,
			);
			defaultConfigurationIsVisible = 0;
			defaultConfigurationName = Release;
		};
		8BDF80AC240FC2C20065825D /* Build configuration list for PBXNativeTarget "easypipeline" */ = {
			isa = XCConfigurationList;
			buildConfigurations = (
				8BDF80AD240FC2C20065825D /* Debug */,
				8BDF80AE240FC2C20065825D /* Release */,
			);
			defaultConfigurationIsVisible = 0;
			defaultConfigurationName = Release;
		};
		8BDF80AF240FC2C20065825D /* Build configuration list for PBXNativeTarget "easypipelineTests" */ = {
			isa = XCConfigurationList;
			buildConfigurations = (
				8BDF80B0240FC2C20065825D /* Debug */,
				8BDF80B1240FC2C20065825D /* Release */,
			);
			defaultConfigurationIsVisible = 0;
			defaultConfigurationName = Release;
		};
/* End XCConfigurationList section */
	};
	rootObject = 8BDF808F240FC2C20065825D /* Project object */;
}
